<?xml version="1.0" encoding="utf-8"?>
<Project ToolsVersion="4.0" xmlns="http://schemas.microsoft.com/developer/msbuild/2003">
  <ItemGroup>
    <Filter Include="Source Files">
      <UniqueIdentifier>{4FC737F1-C7A5-4376-A066-2A32D752A2FF}</UniqueIdentifier>
      <Extensions>cpp;c;cc;cxx;def;odl;idl;hpj;bat;asm;asmx</Extensions>
    </Filter>
    <Filter Include="Header Files">
      <UniqueIdentifier>{93995380-89BD-4b04-88EB-625FBE52EBFB}</UniqueIdentifier>
      <Extensions>h;hh;hpp;hxx;hm;inl;inc;ipp;xsd</Extensions>
    </Filter>
    <Filter Include="Resource Files">
      <UniqueIdentifier>{67DA6AB6-F800-4c08-8B7A-83BB121AAD01}</UniqueIdentifier>
      <Extensions>rc;ico;cur;bmp;dlg;rc2;rct;bin;rgs;gif;jpg;jpeg;jpe;resx;tiff;tif;png;wav;mfcribbon-ms</Extensions>
    </Filter>
    <Filter Include="Source Files\Meshes">
      <UniqueIdentifier>{aeb2de6e-c538-4316-bb61-81837b236bdd}</UniqueIdentifier>
    </Filter>
    <Filter Include="Source Files\WindowRenderers">
      <UniqueIdentifier>{a44563ef-d117-4e5a-bcb9-87cd7dfabfcf}</UniqueIdentifier>
    </Filter>
  </ItemGroup>
  <ItemGroup>
    <ClCompile Include="Main.cpp">
      <Filter>Source Files</Filter>
    </ClCompile>
    <ClCompile Include="vec3.h">
      <Filter>Source Files</Filter>
    </ClCompile>
    <ClCompile Include="Renderer.h">
      <Filter>Source Files\WindowRenderers</Filter>
    </ClCompile>
  </ItemGroup>
  <ItemGroup>
    <ClInclude Include="ray.h">
      <Filter>Source Files</Filter>
    </ClInclude>
    <ClInclude Include="GameEngine.h">
      <Filter>Source Files</Filter>
    </ClInclude>
    <ClInclude Include="World.h">
      <Filter>Source Files</Filter>
    </ClInclude>
    <ClInclude Include="Entity.h">
      <Filter>Source Files</Filter>
    </ClInclude>
    <ClInclude Include="Item.h">
      <Filter>Source Files</Filter>
    </ClInclude>
    <ClInclude Include="Camera.h">
      <Filter>Source Files</Filter>
    </ClInclude>
    <ClInclude Include="Transform.h">
      <Filter>Source Files</Filter>
    </ClInclude>
    <ClInclude Include="Mesh.h">
      <Filter>Source Files\Meshes</Filter>
    </ClInclude>
    <ClInclude Include="Plane.h">
      <Filter>Source Files\Meshes</Filter>
    </ClInclude>
    <ClInclude Include="Sphere.h">
      <Filter>Source Files\Meshes</Filter>
    </ClInclude>
    <ClInclude Include="Cube.h">
      <Filter>Source Files\Meshes</Filter>
    </ClInclude>
    <ClInclude Include="LiminalWorld.h">
      <Filter>Source Files</Filter>
    </ClInclude>
    <ClInclude Include="LiminalVolume.h">
      <Filter>Source Files</Filter>
    </ClInclude>
    <ClInclude Include="Material.h">
      <Filter>Source Files</Filter>
    </ClInclude>
    <ClInclude Include="Lambertian.h">
      <Filter>Source Files</Filter>
    </ClInclude>
    <ClInclude Include="Metal.h">
      <Filter>Source Files</Filter>
    </ClInclude>
    <ClInclude Include="SDLWindowRenderer.h">
      <Filter>Source Files\WindowRenderers</Filter>
    </ClInclude>
    <ClInclude Include="PPMRenderer.h">
      <Filter>Source Files\WindowRenderers</Filter>
    </ClInclude>
    <ClInclude Include="ScreenData.h">
      <Filter>Source Files\WindowRenderers</Filter>
    </ClInclude>
    <ClInclude Include="TerminalRenderer.h">
      <Filter>Source Files\WindowRenderers</Filter>
    </ClInclude>
  </ItemGroup>
</Project>